
Microsoft Visual Studio Solution File, Format Version 12.00
# Visual Studio Version 16
VisualStudioVersion = 16.0.29519.181
MinimumVisualStudioVersion = 10.0.40219.1
Project("{9A19103F-16F7-4668-BE54-9A1E7A4F7556}") = "YA.ServiceTemplate", "src\YA.ServiceTemplate.csproj", "{53C97987-A982-4304-8CCB-81DDEE03E94B}"
EndProject
Project("{2150E333-8FDC-42A3-9474-1A3956D46DE8}") = "Solution Items", "Solution Items", "{EC76B85B-92BA-4FC4-AA2C-F5E7A4D6E91C}"
	ProjectSection(SolutionItems) = preProject
		Message-for-MT-via-RMQ-example.json = Message-for-MT-via-RMQ-example.json
	EndProjectSection
EndProject
Global
	GlobalSection(SolutionConfigurationPlatforms) = preSolution
		Debug|Any CPU = Debug|Any CPU
		Release|Any CPU = Release|Any CPU
	EndGlobalSection
	GlobalSection(ProjectConfigurationPlatforms) = postSolution
		{53C97987-A982-4304-8CCB-81DDEE03E94B}.Debug|Any CPU.ActiveCfg = Debug|Any CPU
		{53C97987-A982-4304-8CCB-81DDEE03E94B}.Debug|Any CPU.Build.0 = Debug|Any CPU
		{53C97987-A982-4304-8CCB-81DDEE03E94B}.Release|Any CPU.ActiveCfg = Release|Any CPU
		{53C97987-A982-4304-8CCB-81DDEE03E94B}.Release|Any CPU.Build.0 = Release|Any CPU
	EndGlobalSection
	GlobalSection(SolutionProperties) = preSolution
		HideSolutionNode = FALSE
	EndGlobalSection
	GlobalSection(ExtensibilityGlobals) = postSolution
		SolutionGuid = {56E86C46-1668-4701-8A20-331FD247DCA0}
	EndGlobalSection
EndGlobal
